// !$*UTF8*$!
{
	archiveVersion = 1;
	classes = {
	};
	objectVersion = 55;
	objects = {

/* Begin PBXBuildFile section */
		BBE94CCB285D9B5400AA17E0 /* AppDelegate.swift in Sources */ = {isa = PBXBuildFile; fileRef = BBE94CCA285D9B5400AA17E0 /* AppDelegate.swift */; };
		BBE94CCD285D9B5400AA17E0 /* SceneDelegate.swift in Sources */ = {isa = PBXBuildFile; fileRef = BBE94CCC285D9B5400AA17E0 /* SceneDelegate.swift */; };
		BBE94CD2285D9B5400AA17E0 /* Main.storyboard in Resources */ = {isa = PBXBuildFile; fileRef = BBE94CD0285D9B5400AA17E0 /* Main.storyboard */; };
		BBE94CD5285D9B5400AA17E0 /* BLEDemo.xcdatamodeld in Sources */ = {isa = PBXBuildFile; fileRef = BBE94CD3285D9B5400AA17E0 /* BLEDemo.xcdatamodeld */; };
		BBE94CD7285D9B5700AA17E0 /* Assets.xcassets in Resources */ = {isa = PBXBuildFile; fileRef = BBE94CD6285D9B5700AA17E0 /* Assets.xcassets */; };
		BBE94CDA285D9B5700AA17E0 /* LaunchScreen.storyboard in Resources */ = {isa = PBXBuildFile; fileRef = BBE94CD8285D9B5700AA17E0 /* LaunchScreen.storyboard */; };
		BBE94CEC285D9DE300AA17E0 /* BluetoothListViewModel.swift in Sources */ = {isa = PBXBuildFile; fileRef = BBE94CE4285D9DE300AA17E0 /* BluetoothListViewModel.swift */; };
		BBE94CED285D9DE300AA17E0 /* BluetoothListModel.swift in Sources */ = {isa = PBXBuildFile; fileRef = BBE94CE6285D9DE300AA17E0 /* BluetoothListModel.swift */; };
		BBE94CEE285D9DE300AA17E0 /* BluetoothCell.xib in Resources */ = {isa = PBXBuildFile; fileRef = BBE94CE9285D9DE300AA17E0 /* BluetoothCell.xib */; };
		BBE94CEF285D9DE300AA17E0 /* BluetoothCell.swift in Sources */ = {isa = PBXBuildFile; fileRef = BBE94CEA285D9DE300AA17E0 /* BluetoothCell.swift */; };
		BBE94CF0285D9DE300AA17E0 /* BluetoothListViewController.swift in Sources */ = {isa = PBXBuildFile; fileRef = BBE94CEB285D9DE300AA17E0 /* BluetoothListViewController.swift */; };
/* End PBXBuildFile section */

/* Begin PBXFileReference section */
		BBE94CC7285D9B5400AA17E0 /* BLEDemo.app */ = {isa = PBXFileReference; explicitFileType = wrapper.application; includeInIndex = 0; path = BLEDemo.app; sourceTree = BUILT_PRODUCTS_DIR; };
		BBE94CCA285D9B5400AA17E0 /* AppDelegate.swift */ = {isa = PBXFileReference; lastKnownFileType = sourcecode.swift; path = AppDelegate.swift; sourceTree = "<group>"; };
		BBE94CCC285D9B5400AA17E0 /* SceneDelegate.swift */ = {isa = PBXFileReference; lastKnownFileType = sourcecode.swift; path = SceneDelegate.swift; sourceTree = "<group>"; };
		BBE94CD1285D9B5400AA17E0 /* Base */ = {isa = PBXFileReference; lastKnownFileType = file.storyboard; name = Base; path = Base.lproj/Main.storyboard; sourceTree = "<group>"; };
		BBE94CD4285D9B5400AA17E0 /* BLEDemo.xcdatamodel */ = {isa = PBXFileReference; lastKnownFileType = wrapper.xcdatamodel; path = BLEDemo.xcdatamodel; sourceTree = "<group>"; };
		BBE94CD6285D9B5700AA17E0 /* Assets.xcassets */ = {isa = PBXFileReference; lastKnownFileType = folder.assetcatalog; path = Assets.xcassets; sourceTree = "<group>"; };
		BBE94CD9285D9B5700AA17E0 /* Base */ = {isa = PBXFileReference; lastKnownFileType = file.storyboard; name = Base; path = Base.lproj/LaunchScreen.storyboard; sourceTree = "<group>"; };
		BBE94CDB285D9B5700AA17E0 /* Info.plist */ = {isa = PBXFileReference; lastKnownFileType = text.plist.xml; path = Info.plist; sourceTree = "<group>"; };
		BBE94CE4285D9DE300AA17E0 /* BluetoothListViewModel.swift */ = {isa = PBXFileReference; fileEncoding = 4; lastKnownFileType = sourcecode.swift; path = BluetoothListViewModel.swift; sourceTree = "<group>"; };
		BBE94CE6285D9DE300AA17E0 /* BluetoothListModel.swift */ = {isa = PBXFileReference; fileEncoding = 4; lastKnownFileType = sourcecode.swift; path = BluetoothListModel.swift; sourceTree = "<group>"; };
		BBE94CE9285D9DE300AA17E0 /* BluetoothCell.xib */ = {isa = PBXFileReference; fileEncoding = 4; lastKnownFileType = file.xib; path = BluetoothCell.xib; sourceTree = "<group>"; };
		BBE94CEA285D9DE300AA17E0 /* BluetoothCell.swift */ = {isa = PBXFileReference; fileEncoding = 4; lastKnownFileType = sourcecode.swift; path = BluetoothCell.swift; sourceTree = "<group>"; };
		BBE94CEB285D9DE300AA17E0 /* BluetoothListViewController.swift */ = {isa = PBXFileReference; fileEncoding = 4; lastKnownFileType = sourcecode.swift; path = BluetoothListViewController.swift; sourceTree = "<group>"; };
/* End PBXFileReference section */

/* Begin PBXFrameworksBuildPhase section */
		BBE94CC4285D9B5400AA17E0 /* Frameworks */ = {
			isa = PBXFrameworksBuildPhase;
			buildActionMask = 2147483647;
			files = (
			);
			runOnlyForDeploymentPostprocessing = 0;
		};
/* End PBXFrameworksBuildPhase section */

/* Begin PBXGroup section */
		BBE94CBE285D9B5400AA17E0 = {
			isa = PBXGroup;
			children = (
				BBE94CC9285D9B5400AA17E0 /* BLEDemo */,
				BBE94CC8285D9B5400AA17E0 /* Products */,
			);
			sourceTree = "<group>";
		};
		BBE94CC8285D9B5400AA17E0 /* Products */ = {
			isa = PBXGroup;
			children = (
				BBE94CC7285D9B5400AA17E0 /* BLEDemo.app */,
			);
			name = Products;
			sourceTree = "<group>";
		};
		BBE94CC9285D9B5400AA17E0 /* BLEDemo */ = {
			isa = PBXGroup;
			children = (
				BBE94CE1285D9DE300AA17E0 /* Screens */,
				BBE94CCA285D9B5400AA17E0 /* AppDelegate.swift */,
				BBE94CCC285D9B5400AA17E0 /* SceneDelegate.swift */,
				BBE94CD0285D9B5400AA17E0 /* Main.storyboard */,
				BBE94CD6285D9B5700AA17E0 /* Assets.xcassets */,
				BBE94CD8285D9B5700AA17E0 /* LaunchScreen.storyboard */,
				BBE94CDB285D9B5700AA17E0 /* Info.plist */,
				BBE94CD3285D9B5400AA17E0 /* BLEDemo.xcdatamodeld */,
			);
			path = BLEDemo;
			sourceTree = "<group>";
		};
		BBE94CE1285D9DE300AA17E0 /* Screens */ = {
			isa = PBXGroup;
			children = (
				BBE94CE2285D9DE300AA17E0 /* BluetoothLists */,
			);
			path = Screens;
			sourceTree = "<group>";
		};
		BBE94CE2285D9DE300AA17E0 /* BluetoothLists */ = {
			isa = PBXGroup;
			children = (
				BBE94CE3285D9DE300AA17E0 /* ViewModel */,
				BBE94CE5285D9DE300AA17E0 /* Model */,
				BBE94CE7285D9DE300AA17E0 /* View */,
			);
			path = BluetoothLists;
			sourceTree = "<group>";
		};
		BBE94CE3285D9DE300AA17E0 /* ViewModel */ = {
			isa = PBXGroup;
			children = (
				BBE94CE4285D9DE300AA17E0 /* BluetoothListViewModel.swift */,
			);
			path = ViewModel;
			sourceTree = "<group>";
		};
		BBE94CE5285D9DE300AA17E0 /* Model */ = {
			isa = PBXGroup;
			children = (
				BBE94CE6285D9DE300AA17E0 /* BluetoothListModel.swift */,
			);
			path = Model;
			sourceTree = "<group>";
		};
		BBE94CE7285D9DE300AA17E0 /* View */ = {
			isa = PBXGroup;
			children = (
				BBE94CE8285D9DE300AA17E0 /* Cell */,
				BBE94CEB285D9DE300AA17E0 /* BluetoothListViewController.swift */,
			);
			path = View;
			sourceTree = "<group>";
		};
		BBE94CE8285D9DE300AA17E0 /* Cell */ = {
			isa = PBXGroup;
			children = (
				BBE94CE9285D9DE300AA17E0 /* BluetoothCell.xib */,
				BBE94CEA285D9DE300AA17E0 /* BluetoothCell.swift */,
			);
			path = Cell;
			sourceTree = "<group>";
		};
/* End PBXGroup section */

/* Begin PBXNativeTarget section */
		BBE94CC6285D9B5400AA17E0 /* BLEDemo */ = {
			isa = PBXNativeTarget;
			buildConfigurationList = BBE94CDE285D9B5700AA17E0 /* Build configuration list for PBXNativeTarget "BLEDemo" */;
			buildPhases = (
				BBE94CC3285D9B5400AA17E0 /* Sources */,
				BBE94CC4285D9B5400AA17E0 /* Frameworks */,
				BBE94CC5285D9B5400AA17E0 /* Resources */,
			);
			buildRules = (
			);
			dependencies = (
			);
			name = BLEDemo;
			productName = BLEDemo;
			productReference = BBE94CC7285D9B5400AA17E0 /* BLEDemo.app */;
			productType = "com.apple.product-type.application";
		};
/* End PBXNativeTarget section */

/* Begin PBXProject section */
		BBE94CBF285D9B5400AA17E0 /* Project object */ = {
			isa = PBXProject;
			attributes = {
				BuildIndependentTargetsInParallel = 1;
				LastSwiftUpdateCheck = 1310;
				LastUpgradeCheck = 1310;
				TargetAttributes = {
					BBE94CC6285D9B5400AA17E0 = {
						CreatedOnToolsVersion = 13.1;
					};
				};
			};
			buildConfigurationList = BBE94CC2285D9B5400AA17E0 /* Build configuration list for PBXProject "BLEDemo" */;
			compatibilityVersion = "Xcode 13.0";
			developmentRegion = en;
			hasScannedForEncodings = 0;
			knownRegions = (
				en,
				Base,
			);
			mainGroup = BBE94CBE285D9B5400AA17E0;
			productRefGroup = BBE94CC8285D9B5400AA17E0 /* Products */;
			projectDirPath = "";
			projectRoot = "";
			targets = (
				BBE94CC6285D9B5400AA17E0 /* BLEDemo */,
			);
		};
/* End PBXProject section */

/* Begin PBXResourcesBuildPhase section */
		BBE94CC5285D9B5400AA17E0 /* Resources */ = {
			isa = PBXResourcesBuildPhase;
			buildActionMask = 2147483647;
			files = (
				BBE94CEE285D9DE300AA17E0 /* BluetoothCell.xib in Resources */,
				BBE94CDA285D9B5700AA17E0 /* LaunchScreen.storyboard in Resources */,
				BBE94CD7285D9B5700AA17E0 /* Assets.xcassets in Resources */,
				BBE94CD2285D9B5400AA17E0 /* Main.storyboard in Resources */,
			);
			runOnlyForDeploymentPostprocessing = 0;
		};
/* End PBXResourcesBuildPhase section */

/* Begin PBXSourcesBuildPhase section */
		BBE94CC3285D9B5400AA17E0 /* Sources */ = {
			isa = PBXSourcesBuildPhase;
			buildActionMask = 2147483647;
			files = (
				BBE94CD5285D9B5400AA17E0 /* BLEDemo.xcdatamodeld in Sources */,
				BBE94CEC285D9DE300AA17E0 /* BluetoothListViewModel.swift in Sources */,
				BBE94CCB285D9B5400AA17E0 /* AppDelegate.swift in Sources */,
				BBE94CED285D9DE300AA17E0 /* BluetoothListModel.swift in Sources */,
				BBE94CEF285D9DE300AA17E0 /* BluetoothCell.swift in Sources */,
				BBE94CCD285D9B5400AA17E0 /* SceneDelegate.swift in Sources */,
				BBE94CF0285D9DE300AA17E0 /* BluetoothListViewController.swift in Sources */,
			);
			runOnlyForDeploymentPostprocessing = 0;
		};
/* End PBXSourcesBuildPhase section */

/* Begin PBXVariantGroup section */
		BBE94CD0285D9B5400AA17E0 /* Main.storyboard */ = {
			isa = PBXVariantGroup;
			children = (
				BBE94CD1285D9B5400AA17E0 /* Base */,
			);
			name = Main.storyboard;
			sourceTree = "<group>";
		};
		BBE94CD8285D9B5700AA17E0 /* LaunchScreen.storyboard */ = {
			isa = PBXVariantGroup;
			children = (
				BBE94CD9285D9B5700AA17E0 /* Base */,
			);
			name = LaunchScreen.storyboard;
			sourceTree = "<group>";
		};
/* End PBXVariantGroup section */

/* Begin XCBuildConfiguration section */
		BBE94CDC285D9B5700AA17E0 /* Debug */ = {
			isa = XCBuildConfiguration;
			buildSettings = {
				ALWAYS_SEARCH_USER_PATHS = NO;
				CLANG_ANALYZER_NONNULL = YES;
				CLANG_ANALYZER_NUMBER_OBJECT_CONVERSION = YES_AGGRESSIVE;
				CLANG_CXX_LANGUAGE_STANDARD = "gnu++17";
				CLANG_CXX_LIBRARY = "libc++";
				CLANG_ENABLE_MODULES = YES;
				CLANG_ENABLE_OBJC_ARC = YES;
				CLANG_ENABLE_OBJC_WEAK = YES;
				CLANG_WARN_BLOCK_CAPTURE_AUTORELEASING = YES;
				CLANG_WARN_BOOL_CONVERSION = YES;
				CLANG_WARN_COMMA = YES;
				CLANG_WARN_CONSTANT_CONVERSION = YES;
				CLANG_WARN_DEPRECATED_OBJC_IMPLEMENTATIONS = YES;
				CLANG_WARN_DIRECT_OBJC_ISA_USAGE = YES_ERROR;
				CLANG_WARN_DOCUMENTATION_COMMENTS = YES;
				CLANG_WARN_EMPTY_BODY = YES;
				CLANG_WARN_ENUM_CONVERSION = YES;
				CLANG_WARN_INFINITE_RECURSION = YES;
				CLANG_WARN_INT_CONVERSION = YES;
				CLANG_WARN_NON_LITERAL_NULL_CONVERSION = YES;
				CLANG_WARN_OBJC_IMPLICIT_RETAIN_SELF = YES;
				CLANG_WARN_OBJC_LITERAL_CONVERSION = YES;
				CLANG_WARN_OBJC_ROOT_CLASS = YES_ERROR;
				CLANG_WARN_QUOTED_INCLUDE_IN_FRAMEWORK_HEADER = YES;
				CLANG_WARN_RANGE_LOOP_ANALYSIS = YES;
				CLANG_WARN_STRICT_PROTOTYPES = YES;
				CLANG_WARN_SUSPICIOUS_MOVE = YES;
				CLANG_WARN_UNGUARDED_AVAILABILITY = YES_AGGRESSIVE;
				CLANG_WARN_UNREACHABLE_CODE = YES;
				CLANG_WARN__DUPLICATE_METHOD_MATCH = YES;
				COPY_PHASE_STRIP = NO;
				DEBUG_INFORMATION_FORMAT = dwarf;
				ENABLE_STRICT_OBJC_MSGSEND = YES;
				ENABLE_TESTABILITY = YES;
				GCC_C_LANGUAGE_STANDARD = gnu11;
				GCC_DYNAMIC_NO_PIC = NO;
				GCC_NO_COMMON_BLOCKS = YES;
				GCC_OPTIMIZATION_LEVEL = 0;
				GCC_PREPROCESSOR_DEFINITIONS = (
					"DEBUG=1",
					"$(inherited)",
				);
				GCC_WARN_64_TO_32_BIT_CONVERSION = YES;
				GCC_WARN_ABOUT_RETURN_TYPE = YES_ERROR;
				GCC_WARN_UNDECLARED_SELECTOR = YES;
				GCC_WARN_UNINITIALIZED_AUTOS = YES_AGGRESSIVE;
				GCC_WARN_UNUSED_FUNCTION = YES;
				GCC_WARN_UNUSED_VARIABLE = YES;
				IPHONEOS_DEPLOYMENT_TARGET = 15.0;
				MTL_ENABLE_DEBUG_INFO = INCLUDE_SOURCE;
				MTL_FAST_MATH = YES;
				ONLY_ACTIVE_ARCH = YES;
				SDKROOT = iphoneos;
				SWIFT_ACTIVE_COMPILATION_CONDITIONS = DEBUG;
				SWIFT_OPTIMIZATION_LEVEL = "-Onone";
			};
			name = Debug;
		};
		BBE94CDD285D9B5700AA17E0 /* Release */ = {
			isa = XCBuildConfiguration;
			buildSettings = {
				ALWAYS_SEARCH_USER_PATHS = NO;
				CLANG_ANALYZER_NONNULL = YES;
				CLANG_ANALYZER_NUMBER_OBJECT_CONVERSION = YES_AGGRESSIVE;
				CLANG_CXX_LANGUAGE_STANDARD = "gnu++17";
				CLANG_CXX_LIBRARY = "libc++";
				CLANG_ENABLE_MODULES = YES;
				CLANG_ENABLE_OBJC_ARC = YES;
				CLANG_ENABLE_OBJC_WEAK = YES;
				CLANG_WARN_BLOCK_CAPTURE_AUTORELEASING = YES;
				CLANG_WARN_BOOL_CONVERSION = YES;
				CLANG_WARN_COMMA = YES;
				CLANG_WARN_CONSTANT_CONVERSION = YES;
				CLANG_WARN_DEPRECATED_OBJC_IMPLEMENTATIONS = YES;
				CLANG_WARN_DIRECT_OBJC_ISA_USAGE = YES_ERROR;
				CLANG_WARN_DOCUMENTATION_COMMENTS = YES;
				CLANG_WARN_EMPTY_BODY = YES;
				CLANG_WARN_ENUM_CONVERSION = YES;
				CLANG_WARN_INFINITE_RECURSION = YES;
				CLANG_WARN_INT_CONVERSION = YES;
				CLANG_WARN_NON_LITERAL_NULL_CONVERSION = YES;
				CLANG_WARN_OBJC_IMPLICIT_RETAIN_SELF = YES;
				CLANG_WARN_OBJC_LITERAL_CONVERSION = YES;
				CLANG_WARN_OBJC_ROOT_CLASS = YES_ERROR;
				CLANG_WARN_QUOTED_INCLUDE_IN_FRAMEWORK_HEADER = YES;
				CLANG_WARN_RANGE_LOOP_ANALYSIS = YES;
				CLANG_WARN_STRICT_PROTOTYPES = YES;
				CLANG_WARN_SUSPICIOUS_MOVE = YES;
				CLANG_WARN_UNGUARDED_AVAILABILITY = YES_AGGRESSIVE;
				CLANG_WARN_UNREACHABLE_CODE = YES;
				CLANG_WARN__DUPLICATE_METHOD_MATCH = YES;
				COPY_PHASE_STRIP = NO;
				DEBUG_INFORMATION_FORMAT = "dwarf-with-dsym";
				ENABLE_NS_ASSERTIONS = NO;
				ENABLE_STRICT_OBJC_MSGSEND = YES;
				GCC_C_LANGUAGE_STANDARD = gnu11;
				GCC_NO_COMMON_BLOCKS = YES;
				GCC_WARN_64_TO_32_BIT_CONVERSION = YES;
				GCC_WARN_ABOUT_RETURN_TYPE = YES_ERROR;
				GCC_WARN_UNDECLARED_SELECTOR = YES;
				GCC_WARN_UNINITIALIZED_AUTOS = YES_AGGRESSIVE;
				GCC_WARN_UNUSED_FUNCTION = YES;
				GCC_WARN_UNUSED_VARIABLE = YES;
				IPHONEOS_DEPLOYMENT_TARGET = 15.0;
				MTL_ENABLE_DEBUG_INFO = NO;
				MTL_FAST_MATH = YES;
				SDKROOT = iphoneos;
				SWIFT_COMPILATION_MODE = wholemodule;
				SWIFT_OPTIMIZATION_LEVEL = "-O";
				VALIDATE_PRODUCT = YES;
			};
			name = Release;
		};
		BBE94CDF285D9B5700AA17E0 /* Debug */ = {
			isa = XCBuildConfiguration;
			buildSettings = {
				ASSETCATALOG_COMPILER_APPICON_NAME = AppIcon;
				ASSETCATALOG_COMPILER_GLOBAL_ACCENT_COLOR_NAME = AccentColor;
				CODE_SIGN_STYLE = Automatic;
				CURRENT_PROJECT_VERSION = 1;
				GENERATE_INFOPLIST_FILE = YES;
				INFOPLIST_FILE = BLEDemo/Info.plist;
				INFOPLIST_KEY_UIApplicationSupportsIndirectInputEvents = YES;
				INFOPLIST_KEY_UILaunchStoryboardName = LaunchScreen;
				INFOPLIST_KEY_UIMainStoryboardFile = Main;
				INFOPLIST_KEY_UISupportedInterfaceOrientations_iPad = "UIInterfaceOrientationPortrait UIInterfaceOrientationPortraitUpsideDown UIInterfaceOrientationLandscapeLeft UIInterfaceOrientationLandscapeRight";
				INFOPLIST_KEY_UISupportedInterfaceOrientations_iPhone = "UIInterfaceOrientationPortrait UIInterfaceOrientationLandscapeLeft UIInterfaceOrientationLandscapeRight";
				LD_RUNPATH_SEARCH_PATHS = (
					"$(inherited)",
					"@executable_path/Frameworks",
				);
				MARKETING_VERSION = 1.0;
				PRODUCT_BUNDLE_IDENTIFIER = com.sachin.blelists.BLEDemo;
				PRODUCT_NAME = "$(TARGET_NAME)";
				SWIFT_EMIT_LOC_STRINGS = YES;
				SWIFT_VERSION = 5.0;
				TARGETED_DEVICE_FAMILY = "1,2";
			};
			name = Debug;
		};
		BBE94CE0285D9B5700AA17E0 /* Release */ = {
			isa = XCBuildConfiguration;
			buildSettings = {
				ASSETCATALOG_COMPILER_APPICON_NAME = AppIcon;
				ASSETCATALOG_COMPILER_GLOBAL_ACCENT_COLOR_NAME = AccentColor;
				CODE_SIGN_STYLE = Automatic;
				CURRENT_PROJECT_VERSION = 1;
				GENERATE_INFOPLIST_FILE = YES;
				INFOPLIST_FILE = BLEDemo/Info.plist;
				INFOPLIST_KEY_UIApplicationSupportsIndirectInputEvents = YES;
				INFOPLIST_KEY_UILaunchStoryboardName = LaunchScreen;
				INFOPLIST_KEY_UIMainStoryboardFile = Main;
				INFOPLIST_KEY_UISupportedInterfaceOrientations_iPad = "UIInterfaceOrientationPortrait UIInterfaceOrientationPortraitUpsideDown UIInterfaceOrientationLandscapeLeft UIInterfaceOrientationLandscapeRight";
				INFOPLIST_KEY_UISupportedInterfaceOrientations_iPhone = "UIInterfaceOrientationPortrait UIInterfaceOrientationLandscapeLeft UIInterfaceOrientationLandscapeRight";
				LD_RUNPATH_SEARCH_PATHS = (
					"$(inherited)",
					"@executable_path/Frameworks",
				);
				MARKETING_VERSION = 1.0;
				PRODUCT_BUNDLE_IDENTIFIER = com.sachin.blelists.BLEDemo;
				PRODUCT_NAME = "$(TARGET_NAME)";
				SWIFT_EMIT_LOC_STRINGS = YES;
				SWIFT_VERSION = 5.0;
				TARGETED_DEVICE_FAMILY = "1,2";
			};
			name = Release;
		};
/* End XCBuildConfiguration section */

/* Begin XCConfigurationList section */
		BBE94CC2285D9B5400AA17E0 /* Build configuration list for PBXProject "BLEDemo" */ = {
			isa = XCConfigurationList;
			buildConfigurations = (
				BBE94CDC285D9B5700AA17E0 /* Debug */,
				BBE94CDD285D9B5700AA17E0 /* Release */,
			);
			defaultConfigurationIsVisible = 0;
			defaultConfigurationName = Release;
		};
		BBE94CDE285D9B5700AA17E0 /* Build configuration list for PBXNativeTarget "BLEDemo" */ = {
			isa = XCConfigurationList;
			buildConfigurations = (
				BBE94CDF285D9B5700AA17E0 /* Debug */,
				BBE94CE0285D9B5700AA17E0 /* Release */,
			);
			defaultConfigurationIsVisible = 0;
			defaultConfigurationName = Release;
		};
/* End XCConfigurationList section */

/* Begin XCVersionGroup section */
		BBE94CD3285D9B5400AA17E0 /* BLEDemo.xcdatamodeld */ = {
			isa = XCVersionGroup;
			children = (
				BBE94CD4285D9B5400AA17E0 /* BLEDemo.xcdatamodel */,
			);
			currentVersion = BBE94CD4285D9B5400AA17E0 /* BLEDemo.xcdatamodel */;
			path = BLEDemo.xcdatamodeld;
			sourceTree = "<group>";
			versionGroupType = wrapper.xcdatamodel;
		};
/* End XCVersionGroup section */
	};
	rootObject = BBE94CBF285D9B5400AA17E0 /* Project object */;
}
